{
  "name": "Solar-app-PFA",
  "lockfileVersion": 2,
  "requires": true,
  "packages": {
    "": {
      "dependencies": {
        "equatable": "^1.2.0"
      }
    },
    "node_modules/@esfx/collection-core": {
      "version": "1.0.0-pre.19",
      "resolved": "https://registry.npmjs.org/@esfx/collection-core/-/collection-core-1.0.0-pre.19.tgz",
      "integrity": "sha512-MxhE3HB+l4YbExcmau8osoa3ec6t/qNwIjxWgn4IopYYNpNCl7lu2pY+WTnCpCeRskqGF3faW7nzREsmIapQKA==",
      "dependencies": {
        "@esfx/internal-deprecate": "^1.0.0-pre.19",
        "@esfx/internal-guards": "^1.0.0-pre.19"
      }
    },
    "node_modules/@esfx/collections": {
      "version": "1.0.0-pre.19",
      "resolved": "https://registry.npmjs.org/@esfx/collections/-/collections-1.0.0-pre.19.tgz",
      "integrity": "sha512-EuYawG9g6rmiiIEMo3Aoo5Zr98dQogMTNJyk9jTeoRhOLowgHfiplIphYLKuvTZV2ptRHbi+2Def7XwFDv22WQ==",
      "dependencies": {
        "@esfx/collections-hashmap": "^1.0.0-pre.19",
        "@esfx/collections-hashset": "^1.0.0-pre.19",
        "@esfx/collections-linkedlist": "^1.0.0-pre.19",
        "@esfx/collections-multimap": "^1.0.0-pre.19",
        "@esfx/collections-sortedmap": "^1.0.0-pre.19",
        "@esfx/collections-sortedset": "^1.0.0-pre.19",
        "tslib": "^2.1.0"
      }
    },
    "node_modules/@esfx/collections-hashmap": {
      "version": "1.0.0-pre.19",
      "resolved": "https://registry.npmjs.org/@esfx/collections-hashmap/-/collections-hashmap-1.0.0-pre.19.tgz",
      "integrity": "sha512-Z6e2LqDYmaXy519A3veJdNMhEVmX4ihD4xtEyKz7mN/qYY5ZqbL8Ltv/b4hWCgFE1sVjT+058ZZCMDnn8aEU1A==",
      "dependencies": {
        "@esfx/collection-core": "^1.0.0-pre.19",
        "@esfx/equatable": "^1.0.0-pre.19",
        "@esfx/internal-collections-hash": "^1.0.0-pre.19",
        "@esfx/internal-guards": "^1.0.0-pre.19"
      }
    },
    "node_modules/@esfx/collections-hashset": {
      "version": "1.0.0-pre.19",
      "resolved": "https://registry.npmjs.org/@esfx/collections-hashset/-/collections-hashset-1.0.0-pre.19.tgz",
      "integrity": "sha512-/7dvZhPAC0upsrrknyh5jyYlqDJSG29KeUm8UVBTHbhIwbjsrGFR1gVTWoGQCiyc9Lqirkhyl6sK5MMOKwvGQg==",
      "dependencies": {
        "@esfx/collection-core": "^1.0.0-pre.19",
        "@esfx/equatable": "^1.0.0-pre.19",
        "@esfx/internal-collections-hash": "^1.0.0-pre.19",
        "@esfx/internal-guards": "^1.0.0-pre.19"
      }
    },
    "node_modules/@esfx/collections-linkedlist": {
      "version": "1.0.0-pre.19",
      "resolved": "https://registry.npmjs.org/@esfx/collections-linkedlist/-/collections-linkedlist-1.0.0-pre.19.tgz",
      "integrity": "sha512-NrH1jyf+BsHe1qYH7rwZoZqTMu404ws85qW/XN3j7qeZeZye3ZvXJN3XyVRCyQMVH6iN9vFbco+kGRz6diiJog==",
      "dependencies": {
        "@esfx/collection-core": "^1.0.0-pre.19",
        "@esfx/equatable": "^1.0.0-pre.19",
        "@esfx/internal-guards": "^1.0.0-pre.19"
      }
    },
    "node_modules/@esfx/collections-multimap": {
      "version": "1.0.0-pre.19",
      "resolved": "https://registry.npmjs.org/@esfx/collections-multimap/-/collections-multimap-1.0.0-pre.19.tgz",
      "integrity": "sha512-4Ssmi2q9qNYcG6YiarnkuPyUTVqN39OxAIrMRSmn276HX8uBmUfSN7xU5jHqtZ/mDm7hzYj1CJwzeKdUohCJYg==",
      "dependencies": {
        "@esfx/collection-core": "^1.0.0-pre.19",
        "@esfx/collections-hashmap": "^1.0.0-pre.19",
        "@esfx/collections-hashset": "^1.0.0-pre.19",
        "@esfx/equatable": "^1.0.0-pre.19",
        "@esfx/internal-guards": "^1.0.0-pre.19"
      }
    },
    "node_modules/@esfx/collections-sortedmap": {
      "version": "1.0.0-pre.19",
      "resolved": "https://registry.npmjs.org/@esfx/collections-sortedmap/-/collections-sortedmap-1.0.0-pre.19.tgz",
      "integrity": "sha512-0G23lWz3r2LCAXmdSoGHtuJc6JODwWuGUJPwS4riP1EXxgCGkl8v2AZMa6Aj0dDd1pq6fdpT8NVa998BOhk2Hg==",
      "dependencies": {
        "@esfx/collection-core": "^1.0.0-pre.19",
        "@esfx/equatable": "^1.0.0-pre.19",
        "@esfx/internal-binarysearch": "^1.0.0-pre.19",
        "@esfx/internal-guards": "^1.0.0-pre.19"
      }
    },
    "node_modules/@esfx/collections-sortedset": {
      "version": "1.0.0-pre.19",
      "resolved": "https://registry.npmjs.org/@esfx/collections-sortedset/-/collections-sortedset-1.0.0-pre.19.tgz",
      "integrity": "sha512-DvCkeUL2ib+KwsxFzaIF6XJ7tgQca4Fa1GzTwBvIMk7j3Juq8/QRM1V4f4G9MKfmsD6FvoTu4O2LTrMLI0s6OQ==",
      "dependencies": {
        "@esfx/collection-core": "^1.0.0-pre.19",
        "@esfx/equatable": "^1.0.0-pre.19",
        "@esfx/internal-binarysearch": "^1.0.0-pre.19",
        "@esfx/internal-guards": "^1.0.0-pre.19"
      }
    },
    "node_modules/@esfx/equatable": {
      "version": "1.0.0-pre.19",
      "resolved": "https://registry.npmjs.org/@esfx/equatable/-/equatable-1.0.0-pre.19.tgz",
      "integrity": "sha512-+f6Xm6GOigyGx7t0D0IyG9Z0AuYDhNWjwV49vs5uNG/+0VQAOSYjmnpSzTZRYcYwxW52DmWJWFYNY8bvCDD2ag=="
    },
    "node_modules/@esfx/equatable-shim": {
      "version": "1.0.0-pre.19",
      "resolved": "https://registry.npmjs.org/@esfx/equatable-shim/-/equatable-shim-1.0.0-pre.19.tgz",
      "integrity": "sha512-zOj+2aLvzxYthU6ZJ0CZg70SJ90FUvQik5ORPHBEc2OGPOtfw3chQJ4b3eeQpJ5RaautLKohe1UCv0tE73FmNg==",
      "dependencies": {
        "@esfx/equatable": "^1.0.0-pre.19"
      }
    },
    "node_modules/@esfx/internal-binarysearch": {
      "version": "1.0.0-pre.19",
      "resolved": "https://registry.npmjs.org/@esfx/internal-binarysearch/-/internal-binarysearch-1.0.0-pre.19.tgz",
      "integrity": "sha512-XWM0WwZaUGpr1YkAoKey3vrxTSLNRCz5Y1peNtG8SvpxCXJk6K9yM8SUNOAb14A0TJ4r9cnKRfjb6g44NPW9KA==",
      "dependencies": {
        "@esfx/equatable": "^1.0.0-pre.19"
      }
    },
    "node_modules/@esfx/internal-collections-hash": {
      "version": "1.0.0-pre.19",
      "resolved": "https://registry.npmjs.org/@esfx/internal-collections-hash/-/internal-collections-hash-1.0.0-pre.19.tgz",
      "integrity": "sha512-K/x3+mAYh0ecTYIUPbU8OM5GKnneR2Zwv0sc8TWcH18EFAhO9XGd/2cvjPVSreOW3zWsdnoI1nIw8TFovbOk3Q==",
      "dependencies": {
        "@esfx/equatable": "^1.0.0-pre.19"
      }
    },
    "node_modules/@esfx/internal-deprecate": {
      "version": "1.0.0-pre.19",
      "resolved": "https://registry.npmjs.org/@esfx/internal-deprecate/-/internal-deprecate-1.0.0-pre.19.tgz",
      "integrity": "sha512-vXsdTxRzEaVlXUSahWYsK+hyoqoEOjaKvWXzDuq7Vgu2YsWAvZOCgVrWdhABbAZqasqdjm5MqEVLRdTVskjzug=="
    },
    "node_modules/@esfx/internal-guards": {
      "version": "1.0.0-pre.19",
      "resolved": "https://registry.npmjs.org/@esfx/internal-guards/-/internal-guards-1.0.0-pre.19.tgz",
      "integrity": "sha512-vXEn4RAuuQBx6Nr6VVt2ssEzD9cLahRCcGgK2L7ZPmpqh2daYeViHkqKgQD0ouMXFc5m+OQ9/W1xQ6diSz6inQ==",
      "dependencies": {
        "@esfx/type-model": "^1.0.0-pre.19"
      }
    },
    "node_modules/@esfx/type-model": {
      "version": "1.0.0-pre.19",
      "resolved": "https://registry.npmjs.org/@esfx/type-model/-/type-model-1.0.0-pre.19.tgz",
      "integrity": "sha512-YPKEdFEHSMn9GCByQN6y6fGZpN4WY8A0D+R4KcwLqAZ3591ID7smitEGSH8ynAJfklmx1N7gMwYVLqysp1L1lg=="
    },
    "node_modules/equatable": {
      "version": "1.2.0",
      "resolved": "https://registry.npmjs.org/equatable/-/equatable-1.2.0.tgz",
      "integrity": "sha512-cBKXA5hWVMxZDDF+n2OEGgbdfmN75ElXbL1mgugw/vcvmWt2jxMjBfONtiocsVdfgakxE7T2Kz14533tZaw02g==",
      "deprecated": "'equatable' has been deprecated in favor of '@esfx/equatable'",
      "dependencies": {
        "@esfx/collections": "^1.0.0-pre.2",
        "@esfx/equatable": "^1.0.0-pre.2",
        "@esfx/equatable-shim": "^1.0.0-pre.2"
      }
    },
    "node_modules/tslib": {
      "version": "2.3.0",
      "resolved": "https://registry.npmjs.org/tslib/-/tslib-2.3.0.tgz",
      "integrity": "sha512-N82ooyxVNm6h1riLCoyS9e3fuJ3AMG2zIZs2Gd1ATcSFjSA23Q0fzjjZeh0jbJvWVDZ0cJT8yaNNaaXHzueNjg=="
    }
  },
  "dependencies": {
    "@esfx/collection-core": {
      "version": "1.0.0-pre.19",
      "resolved": "https://registry.npmjs.org/@esfx/collection-core/-/collection-core-1.0.0-pre.19.tgz",
      "integrity": "sha512-MxhE3HB+l4YbExcmau8osoa3ec6t/qNwIjxWgn4IopYYNpNCl7lu2pY+WTnCpCeRskqGF3faW7nzREsmIapQKA==",
      "requires": {
        "@esfx/internal-deprecate": "^1.0.0-pre.19",
        "@esfx/internal-guards": "^1.0.0-pre.19"
      }
    },
    "@esfx/collections": {
      "version": "1.0.0-pre.19",
      "resolved": "https://registry.npmjs.org/@esfx/collections/-/collections-1.0.0-pre.19.tgz",
      "integrity": "sha512-EuYawG9g6rmiiIEMo3Aoo5Zr98dQogMTNJyk9jTeoRhOLowgHfiplIphYLKuvTZV2ptRHbi+2Def7XwFDv22WQ==",
      "requires": {
        "@esfx/collections-hashmap": "^1.0.0-pre.19",
        "@esfx/collections-hashset": "^1.0.0-pre.19",
        "@esfx/collections-linkedlist": "^1.0.0-pre.19",
        "@esfx/collections-multimap": "^1.0.0-pre.19",
        "@esfx/collections-sortedmap": "^1.0.0-pre.19",
        "@esfx/collections-sortedset": "^1.0.0-pre.19",
        "tslib": "^2.1.0"
      }
    },
    "@esfx/collections-hashmap": {
      "version": "1.0.0-pre.19",
      "resolved": "https://registry.npmjs.org/@esfx/collections-hashmap/-/collections-hashmap-1.0.0-pre.19.tgz",
      "integrity": "sha512-Z6e2LqDYmaXy519A3veJdNMhEVmX4ihD4xtEyKz7mN/qYY5ZqbL8Ltv/b4hWCgFE1sVjT+058ZZCMDnn8aEU1A==",
      "requires": {
        "@esfx/collection-core": "^1.0.0-pre.19",
        "@esfx/equatable": "^1.0.0-pre.19",
        "@esfx/internal-collections-hash": "^1.0.0-pre.19",
        "@esfx/internal-guards": "^1.0.0-pre.19"
      }
    },
    "@esfx/collections-hashset": {
      "version": "1.0.0-pre.19",
      "resolved": "https://registry.npmjs.org/@esfx/collections-hashset/-/collections-hashset-1.0.0-pre.19.tgz",
      "integrity": "sha512-/7dvZhPAC0upsrrknyh5jyYlqDJSG29KeUm8UVBTHbhIwbjsrGFR1gVTWoGQCiyc9Lqirkhyl6sK5MMOKwvGQg==",
      "requires": {
        "@esfx/collection-core": "^1.0.0-pre.19",
        "@esfx/equatable": "^1.0.0-pre.19",
        "@esfx/internal-collections-hash": "^1.0.0-pre.19",
        "@esfx/internal-guards": "^1.0.0-pre.19"
      }
    },
    "@esfx/collections-linkedlist": {
      "version": "1.0.0-pre.19",
      "resolved": "https://registry.npmjs.org/@esfx/collections-linkedlist/-/collections-linkedlist-1.0.0-pre.19.tgz",
      "integrity": "sha512-NrH1jyf+BsHe1qYH7rwZoZqTMu404ws85qW/XN3j7qeZeZye3ZvXJN3XyVRCyQMVH6iN9vFbco+kGRz6diiJog==",
      "requires": {
        "@esfx/collection-core": "^1.0.0-pre.19",
        "@esfx/equatable": "^1.0.0-pre.19",
        "@esfx/internal-guards": "^1.0.0-pre.19"
      }
    },
    "@esfx/collections-multimap": {
      "version": "1.0.0-pre.19",
      "resolved": "https://registry.npmjs.org/@esfx/collections-multimap/-/collections-multimap-1.0.0-pre.19.tgz",
      "integrity": "sha512-4Ssmi2q9qNYcG6YiarnkuPyUTVqN39OxAIrMRSmn276HX8uBmUfSN7xU5jHqtZ/mDm7hzYj1CJwzeKdUohCJYg==",
      "requires": {
        "@esfx/collection-core": "^1.0.0-pre.19",
        "@esfx/collections-hashmap": "^1.0.0-pre.19",
        "@esfx/collections-hashset": "^1.0.0-pre.19",
        "@esfx/equatable": "^1.0.0-pre.19",
        "@esfx/internal-guards": "^1.0.0-pre.19"
      }
    },
    "@esfx/collections-sortedmap": {
      "version": "1.0.0-pre.19",
      "resolved": "https://registry.npmjs.org/@esfx/collections-sortedmap/-/collections-sortedmap-1.0.0-pre.19.tgz",
      "integrity": "sha512-0G23lWz3r2LCAXmdSoGHtuJc6JODwWuGUJPwS4riP1EXxgCGkl8v2AZMa6Aj0dDd1pq6fdpT8NVa998BOhk2Hg==",
      "requires": {
        "@esfx/collection-core": "^1.0.0-pre.19",
        "@esfx/equatable": "^1.0.0-pre.19",
        "@esfx/internal-binarysearch": "^1.0.0-pre.19",
        "@esfx/internal-guards": "^1.0.0-pre.19"
      }
    },
    "@esfx/collections-sortedset": {
      "version": "1.0.0-pre.19",
      "resolved": "https://registry.npmjs.org/@esfx/collections-sortedset/-/collections-sortedset-1.0.0-pre.19.tgz",
      "integrity": "sha512-DvCkeUL2ib+KwsxFzaIF6XJ7tgQca4Fa1GzTwBvIMk7j3Juq8/QRM1V4f4G9MKfmsD6FvoTu4O2LTrMLI0s6OQ==",
      "requires": {
        "@esfx/collection-core": "^1.0.0-pre.19",
        "@esfx/equatable": "^1.0.0-pre.19",
        "@esfx/internal-binarysearch": "^1.0.0-pre.19",
        "@esfx/internal-guards": "^1.0.0-pre.19"
      }
    },
    "@esfx/equatable": {
      "version": "1.0.0-pre.19",
      "resolved": "https://registry.npmjs.org/@esfx/equatable/-/equatable-1.0.0-pre.19.tgz",
      "integrity": "sha512-+f6Xm6GOigyGx7t0D0IyG9Z0AuYDhNWjwV49vs5uNG/+0VQAOSYjmnpSzTZRYcYwxW52DmWJWFYNY8bvCDD2ag=="
    },
    "@esfx/equatable-shim": {
      "version": "1.0.0-pre.19",
      "resolved": "https://registry.npmjs.org/@esfx/equatable-shim/-/equatable-shim-1.0.0-pre.19.tgz",
      "integrity": "sha512-zOj+2aLvzxYthU6ZJ0CZg70SJ90FUvQik5ORPHBEc2OGPOtfw3chQJ4b3eeQpJ5RaautLKohe1UCv0tE73FmNg==",
      "requires": {
        "@esfx/equatable": "^1.0.0-pre.19"
      }
    },
    "@esfx/internal-binarysearch": {
      "version": "1.0.0-pre.19",
      "resolved": "https://registry.npmjs.org/@esfx/internal-binarysearch/-/internal-binarysearch-1.0.0-pre.19.tgz",
      "integrity": "sha512-XWM0WwZaUGpr1YkAoKey3vrxTSLNRCz5Y1peNtG8SvpxCXJk6K9yM8SUNOAb14A0TJ4r9cnKRfjb6g44NPW9KA==",
      "requires": {
        "@esfx/equatable": "^1.0.0-pre.19"
      }
    },
    "@esfx/internal-collections-hash": {
      "version": "1.0.0-pre.19",
      "resolved": "https://registry.npmjs.org/@esfx/internal-collections-hash/-/internal-collections-hash-1.0.0-pre.19.tgz",
      "integrity": "sha512-K/x3+mAYh0ecTYIUPbU8OM5GKnneR2Zwv0sc8TWcH18EFAhO9XGd/2cvjPVSreOW3zWsdnoI1nIw8TFovbOk3Q==",
      "requires": {
        "@esfx/equatable": "^1.0.0-pre.19"
      }
    },
    "@esfx/internal-deprecate": {
      "version": "1.0.0-pre.19",
      "resolved": "https://registry.npmjs.org/@esfx/internal-deprecate/-/internal-deprecate-1.0.0-pre.19.tgz",
      "integrity": "sha512-vXsdTxRzEaVlXUSahWYsK+hyoqoEOjaKvWXzDuq7Vgu2YsWAvZOCgVrWdhABbAZqasqdjm5MqEVLRdTVskjzug=="
    },
    "@esfx/internal-guards": {
      "version": "1.0.0-pre.19",
      "resolved": "https://registry.npmjs.org/@esfx/internal-guards/-/internal-guards-1.0.0-pre.19.tgz",
      "integrity": "sha512-vXEn4RAuuQBx6Nr6VVt2ssEzD9cLahRCcGgK2L7ZPmpqh2daYeViHkqKgQD0ouMXFc5m+OQ9/W1xQ6diSz6inQ==",
      "requires": {
        "@esfx/type-model": "^1.0.0-pre.19"
      }
    },
    "@esfx/type-model": {
      "version": "1.0.0-pre.19",
      "resolved": "https://registry.npmjs.org/@esfx/type-model/-/type-model-1.0.0-pre.19.tgz",
      "integrity": "sha512-YPKEdFEHSMn9GCByQN6y6fGZpN4WY8A0D+R4KcwLqAZ3591ID7smitEGSH8ynAJfklmx1N7gMwYVLqysp1L1lg=="
    },
    "equatable": {
      "version": "1.2.0",
      "resolved": "https://registry.npmjs.org/equatable/-/equatable-1.2.0.tgz",
      "integrity": "sha512-cBKXA5hWVMxZDDF+n2OEGgbdfmN75ElXbL1mgugw/vcvmWt2jxMjBfONtiocsVdfgakxE7T2Kz14533tZaw02g==",
      "requires": {
        "@esfx/collections": "^1.0.0-pre.2",
        "@esfx/equatable": "^1.0.0-pre.2",
        "@esfx/equatable-shim": "^1.0.0-pre.2"
      }
    },
    "tslib": {
      "version": "2.3.0",
      "resolved": "https://registry.npmjs.org/tslib/-/tslib-2.3.0.tgz",
      "integrity": "sha512-N82ooyxVNm6h1riLCoyS9e3fuJ3AMG2zIZs2Gd1ATcSFjSA23Q0fzjjZeh0jbJvWVDZ0cJT8yaNNaaXHzueNjg=="
    }
  }
}
